
Microsoft Visual Studio Solution File, Format Version 12.00
# Visual Studio Version 16
VisualStudioVersion = 16.0.32901.82
MinimumVisualStudioVersion = 10.0.40219.1
Project("{FAE04EC0-301F-11D3-BF4B-00C04F79EFBC}") = "FrmBasicThread", "FrmBasicThread\FrmBasicThread.csproj", "{FB134B97-6E59-4B34-8371-EA7FA69F5C03}"
EndProject
Global
	GlobalSection(SolutionConfigurationPlatforms) = preSolution
		Debug|Any CPU = Debug|Any CPU
		Release|Any CPU = Release|Any CPU
	EndGlobalSection
	GlobalSection(ProjectConfigurationPlatforms) = postSolution
		{FB134B97-6E59-4B34-8371-EA7FA69F5C03}.Debug|Any CPU.ActiveCfg = Debug|Any CPU
		{FB134B97-6E59-4B34-8371-EA7FA69F5C03}.Debug|Any CPU.Build.0 = Debug|Any CPU
		{FB134B97-6E59-4B34-8371-EA7FA69F5C03}.Release|Any CPU.ActiveCfg = Release|Any CPU
		{FB134B97-6E59-4B34-8371-EA7FA69F5C03}.Release|Any CPU.Build.0 = Release|Any CPU
	EndGlobalSection
	GlobalSection(SolutionProperties) = preSolution
		HideSolutionNode = FALSE
	EndGlobalSection
	GlobalSection(ExtensibilityGlobals) = postSolution
		SolutionGuid = {C621943E-41E8-4D80-A7A7-66700C11BEDF}
	EndGlobalSection
EndGlobal
